
Microsoft Visual Studio Solution File, Format Version 12.00
# Visual Studio Version 16
VisualStudioVersion = 16.0.29613.14
MinimumVisualStudioVersion = 10.0.40219.1
Project("{FAE04EC0-301F-11D3-BF4B-00C04F79EFBC}") = "CB-radio", "CB-radio\CB-radio.csproj", "{C35B3753-C7B4-452A-B460-A69D0BE653E1}"
EndProject
Global
	GlobalSection(SolutionConfigurationPlatforms) = preSolution
		Debug|Any CPU = Debug|Any CPU
		Release|Any CPU = Release|Any CPU
	EndGlobalSection
	GlobalSection(ProjectConfigurationPlatforms) = postSolution
		{C35B3753-C7B4-452A-B460-A69D0BE653E1}.Debug|Any CPU.ActiveCfg = Debug|Any CPU
		{C35B3753-C7B4-452A-B460-A69D0BE653E1}.Debug|Any CPU.Build.0 = Debug|Any CPU
		{C35B3753-C7B4-452A-B460-A69D0BE653E1}.Release|Any CPU.ActiveCfg = Release|Any CPU
		{C35B3753-C7B4-452A-B460-A69D0BE653E1}.Release|Any CPU.Build.0 = Release|Any CPU
	EndGlobalSection
	GlobalSection(SolutionProperties) = preSolution
		HideSolutionNode = FALSE
	EndGlobalSection
	GlobalSection(ExtensibilityGlobals) = postSolution
		SolutionGuid = {0243C212-0CC0-4C22-B9F4-838ACED43684}
	EndGlobalSection
EndGlobal
