
Microsoft Visual Studio Solution File, Format Version 12.00
# Visual Studio Version 16
VisualStudioVersion = 16.0.29613.14
MinimumVisualStudioVersion = 10.0.40219.1
Project("{FAE04EC0-301F-11D3-BF4B-00C04F79EFBC}") = "Pars2012", "Pars2012\Pars2012.csproj", "{89DF9FE3-B0E7-434C-B26C-CBA542D8828F}"
EndProject
Project("{FAE04EC0-301F-11D3-BF4B-00C04F79EFBC}") = "Pars2012GUI", "Pars2012GUI\Pars2012GUI.csproj", "{A4F28D1B-579F-4CA0-8F52-173A57112765}"
EndProject
Global
	GlobalSection(SolutionConfigurationPlatforms) = preSolution
		Debug|Any CPU = Debug|Any CPU
		Release|Any CPU = Release|Any CPU
	EndGlobalSection
	GlobalSection(ProjectConfigurationPlatforms) = postSolution
		{89DF9FE3-B0E7-434C-B26C-CBA542D8828F}.Debug|Any CPU.ActiveCfg = Debug|Any CPU
		{89DF9FE3-B0E7-434C-B26C-CBA542D8828F}.Debug|Any CPU.Build.0 = Debug|Any CPU
		{89DF9FE3-B0E7-434C-B26C-CBA542D8828F}.Release|Any CPU.ActiveCfg = Release|Any CPU
		{89DF9FE3-B0E7-434C-B26C-CBA542D8828F}.Release|Any CPU.Build.0 = Release|Any CPU
		{A4F28D1B-579F-4CA0-8F52-173A57112765}.Debug|Any CPU.ActiveCfg = Debug|Any CPU
		{A4F28D1B-579F-4CA0-8F52-173A57112765}.Debug|Any CPU.Build.0 = Debug|Any CPU
		{A4F28D1B-579F-4CA0-8F52-173A57112765}.Release|Any CPU.ActiveCfg = Release|Any CPU
		{A4F28D1B-579F-4CA0-8F52-173A57112765}.Release|Any CPU.Build.0 = Release|Any CPU
	EndGlobalSection
	GlobalSection(SolutionProperties) = preSolution
		HideSolutionNode = FALSE
	EndGlobalSection
	GlobalSection(ExtensibilityGlobals) = postSolution
		SolutionGuid = {4F5148CF-5D71-4F52-A81F-9B4F3B37F1E6}
	EndGlobalSection
EndGlobal
